# This file is automatically @generated by Poetry 1.6.1 and should not be changed by hand.

[[package]]
name = "appdirs"
version = "1.4.4"
description = "A small Python module for determining appropriate platform-specific dirs, e.g. a \"user data dir\"."
optional = false
python-versions = "*"
files = [
    {file = "appdirs-1.4.4-py2.py3-none-any.whl", hash = "sha256:a841dacd6b99318a741b166adb07e19ee71a274450e68237b4650ca1055ab128"},
    {file = "appdirs-1.4.4.tar.gz", hash = "sha256:7d5d0167b2b1ba821647616af46a749d1c653740dd0d2415100fe26e27afdf41"},
]

[package.source]
type = "legacy"
url = "https://pypi.panhaoyu.com/simple"
reference = "panhaoyu"

[[package]]
name = "phy-base"
version = "0.1.104"
description = ""
optional = false
python-versions = ">=3.7,<4.0"
files = [
    {file = "phy_base-0.1.104-py3-none-any.whl", hash = "sha256:6b3472b6f11dc2f6155f04eb673f0b4ee6d9df2a1c2887a8fa5e2910f3557528"},
    {file = "phy_base-0.1.104.tar.gz", hash = "sha256:386f9f821c89973a70efcd2d9c7b04f6f0c942a6396018a1d87b4e8a5e9ac162"},
]

[package.dependencies]
appdirs = ">=1.4.4,<2.0.0"

[package.source]
type = "legacy"
url = "https://pypi.panhaoyu.com/simple"
reference = "panhaoyu"

[metadata]
lock-version = "2.0"
python-versions = "^3.7"
content-hash = "5e66d60c2e995562fe7b2287e875814569ba45c2bd3599245d874f92206d19ac"
